
Microsoft Visual Studio Solution File, Format Version 12.00
# Visual Studio Version 16
VisualStudioVersion = 16.0.29009.5
MinimumVisualStudioVersion = 10.0.40219.1
Project("{FAE04EC0-301F-11D3-BF4B-00C04F79EFBC}") = "ExampleApp", "ExampleApp.csproj", "{58E7754B-55DF-41B7-A7C9-8E7C15DED396}"
EndProject
Project("{FAE04EC0-301F-11D3-BF4B-00C04F79EFBC}") = "LightwaveRFLinkPlusSharp", "..\LightwaveRFLinkPlusSharp\LightwaveRFLinkPlusSharp.csproj", "{B7A5CD36-965D-45C5-B512-13CEF50BFFA4}"
EndProject
Global
	GlobalSection(SolutionConfigurationPlatforms) = preSolution
		Debug|Any CPU = Debug|Any CPU
		Release|Any CPU = Release|Any CPU
	EndGlobalSection
	GlobalSection(ProjectConfigurationPlatforms) = postSolution
		{58E7754B-55DF-41B7-A7C9-8E7C15DED396}.Debug|Any CPU.ActiveCfg = Debug|Any CPU
		{58E7754B-55DF-41B7-A7C9-8E7C15DED396}.Debug|Any CPU.Build.0 = Debug|Any CPU
		{58E7754B-55DF-41B7-A7C9-8E7C15DED396}.Release|Any CPU.ActiveCfg = Release|Any CPU
		{58E7754B-55DF-41B7-A7C9-8E7C15DED396}.Release|Any CPU.Build.0 = Release|Any CPU
		{B7A5CD36-965D-45C5-B512-13CEF50BFFA4}.Debug|Any CPU.ActiveCfg = Debug|Any CPU
		{B7A5CD36-965D-45C5-B512-13CEF50BFFA4}.Debug|Any CPU.Build.0 = Debug|Any CPU
		{B7A5CD36-965D-45C5-B512-13CEF50BFFA4}.Release|Any CPU.ActiveCfg = Release|Any CPU
		{B7A5CD36-965D-45C5-B512-13CEF50BFFA4}.Release|Any CPU.Build.0 = Release|Any CPU
	EndGlobalSection
	GlobalSection(SolutionProperties) = preSolution
		HideSolutionNode = FALSE
	EndGlobalSection
	GlobalSection(ExtensibilityGlobals) = postSolution
		SolutionGuid = {F4DE407C-7874-4DFF-A1CF-37735301C904}
	EndGlobalSection
EndGlobal
